
Microsoft Visual Studio Solution File, Format Version 12.00
# Visual Studio Version 17
VisualStudioVersion = 17.3.32825.248
MinimumVisualStudioVersion = 10.0.40219.1
Project("{FAE04EC0-301F-11D3-BF4B-00C04F79EFBC}") = "TsvetoshaAPI", "TsvetoshaAPI\TsvetoshaAPI.csproj", "{FBFD769F-7C0C-4D5B-B8C1-28313A2EA98C}"
EndProject
Global
	GlobalSection(SolutionConfigurationPlatforms) = preSolution
		Debug|Any CPU = Debug|Any CPU
		Release|Any CPU = Release|Any CPU
	EndGlobalSection
	GlobalSection(ProjectConfigurationPlatforms) = postSolution
		{FBFD769F-7C0C-4D5B-B8C1-28313A2EA98C}.Debug|Any CPU.ActiveCfg = Debug|Any CPU
		{FBFD769F-7C0C-4D5B-B8C1-28313A2EA98C}.Debug|Any CPU.Build.0 = Debug|Any CPU
		{FBFD769F-7C0C-4D5B-B8C1-28313A2EA98C}.Release|Any CPU.ActiveCfg = Release|Any CPU
		{FBFD769F-7C0C-4D5B-B8C1-28313A2EA98C}.Release|Any CPU.Build.0 = Release|Any CPU
	EndGlobalSection
	GlobalSection(SolutionProperties) = preSolution
		HideSolutionNode = FALSE
	EndGlobalSection
	GlobalSection(ExtensibilityGlobals) = postSolution
		SolutionGuid = {C55F8961-BF59-4172-BB2E-5D57A6242886}
	EndGlobalSection
EndGlobal
